
Microsoft Visual Studio Solution File, Format Version 11.00
# Visual Studio 2010
Project("{FAE04EC0-301F-11D3-BF4B-00C04F79EFBC}") = "Racing-Car-Game", "Assembly-CSharp.csproj", "{4DCF6429-572B-17B0-BB6E-7168284EB6BF}"
EndProject
Project("{FAE04EC0-301F-11D3-BF4B-00C04F79EFBC}") = "Racing-Car-Game", "Assembly-CSharp-Editor.csproj", "{5E939BBD-AF1C-9F32-607C-C2D8B128B565}"
EndProject
Global
	GlobalSection(SolutionConfigurationPlatforms) = preSolution
		Debug|Any CPU = Debug|Any CPU
		Release|Any CPU = Release|Any CPU
	EndGlobalSection
	GlobalSection(ProjectConfigurationPlatforms) = postSolution
		{4DCF6429-572B-17B0-BB6E-7168284EB6BF}.Debug|Any CPU.ActiveCfg = Debug|Any CPU
		{4DCF6429-572B-17B0-BB6E-7168284EB6BF}.Debug|Any CPU.Build.0 = Debug|Any CPU
		{4DCF6429-572B-17B0-BB6E-7168284EB6BF}.Release|Any CPU.ActiveCfg = Release|Any CPU
		{4DCF6429-572B-17B0-BB6E-7168284EB6BF}.Release|Any CPU.Build.0 = Release|Any CPU
		{5E939BBD-AF1C-9F32-607C-C2D8B128B565}.Debug|Any CPU.ActiveCfg = Debug|Any CPU
		{5E939BBD-AF1C-9F32-607C-C2D8B128B565}.Debug|Any CPU.Build.0 = Debug|Any CPU
		{5E939BBD-AF1C-9F32-607C-C2D8B128B565}.Release|Any CPU.ActiveCfg = Release|Any CPU
		{5E939BBD-AF1C-9F32-607C-C2D8B128B565}.Release|Any CPU.Build.0 = Release|Any CPU
	EndGlobalSection
	GlobalSection(SolutionProperties) = preSolution
		HideSolutionNode = FALSE
	EndGlobalSection
	GlobalSection(MonoDevelopProperties) = preSolution
		StartupItem = Assembly-CSharp.csproj
	EndGlobalSection
EndGlobal
